
Microsoft Visual Studio Solution File, Format Version 12.00
# Visual Studio Version 17
VisualStudioVersion = 17.8.34330.188
MinimumVisualStudioVersion = 10.0.40219.1
Project("{888888A0-9F3D-457C-B088-3A5042F75D52}") = "CIS261 Course Project", "CIS261 Course Project.pyproj", "{2B1EBF90-52EF-45BD-AEA9-23A91992B6CF}"
EndProject
Global
	GlobalSection(SolutionConfigurationPlatforms) = preSolution
		Debug|Any CPU = Debug|Any CPU
		Release|Any CPU = Release|Any CPU
	EndGlobalSection
	GlobalSection(ProjectConfigurationPlatforms) = postSolution
		{2B1EBF90-52EF-45BD-AEA9-23A91992B6CF}.Debug|Any CPU.ActiveCfg = Debug|Any CPU
		{2B1EBF90-52EF-45BD-AEA9-23A91992B6CF}.Release|Any CPU.ActiveCfg = Release|Any CPU
	EndGlobalSection
	GlobalSection(SolutionProperties) = preSolution
		HideSolutionNode = FALSE
	EndGlobalSection
	GlobalSection(ExtensibilityGlobals) = postSolution
		SolutionGuid = {D43EE69A-2EED-40FF-B55E-AC2CD1F275F7}
	EndGlobalSection
EndGlobal
